
Microsoft Visual Studio Solution File, Format Version 12.00
# Visual Studio 15
VisualStudioVersion = 15.0.28010.2019
MinimumVisualStudioVersion = 10.0.40219.1
Project("{FAE04EC0-301F-11D3-BF4B-00C04F79EFBC}") = "Mic.Volo.FibonacciBig", "Mic.Volo.FibonacciBig\Mic.Volo.FibonacciBig.csproj", "{88EF2098-38F6-47FB-8F9D-C378806E5E9F}"
EndProject
Global
	GlobalSection(SolutionConfigurationPlatforms) = preSolution
		Debug|Any CPU = Debug|Any CPU
		Release|Any CPU = Release|Any CPU
	EndGlobalSection
	GlobalSection(ProjectConfigurationPlatforms) = postSolution
		{88EF2098-38F6-47FB-8F9D-C378806E5E9F}.Debug|Any CPU.ActiveCfg = Debug|Any CPU
		{88EF2098-38F6-47FB-8F9D-C378806E5E9F}.Debug|Any CPU.Build.0 = Debug|Any CPU
		{88EF2098-38F6-47FB-8F9D-C378806E5E9F}.Release|Any CPU.ActiveCfg = Release|Any CPU
		{88EF2098-38F6-47FB-8F9D-C378806E5E9F}.Release|Any CPU.Build.0 = Release|Any CPU
	EndGlobalSection
	GlobalSection(SolutionProperties) = preSolution
		HideSolutionNode = FALSE
	EndGlobalSection
	GlobalSection(ExtensibilityGlobals) = postSolution
		SolutionGuid = {DF1DBD6D-6964-47AE-9B4E-C8D47731E90D}
	EndGlobalSection
EndGlobal
