
Microsoft Visual Studio Solution File, Format Version 12.00
# Visual Studio 15
VisualStudioVersion = 15.0.28010.2019
MinimumVisualStudioVersion = 10.0.40219.1
Project("{FAE04EC0-301F-11D3-BF4B-00C04F79EFBC}") = "Mic.Volo.ConsoleApp1", "Mic.Volo.ConsoleApp1\Mic.Volo.ConsoleApp1.csproj", "{6FEF2439-387D-4AC2-9B40-B0444D5C74EA}"
EndProject
Global
	GlobalSection(SolutionConfigurationPlatforms) = preSolution
		Debug|Any CPU = Debug|Any CPU
		Release|Any CPU = Release|Any CPU
	EndGlobalSection
	GlobalSection(ProjectConfigurationPlatforms) = postSolution
		{6FEF2439-387D-4AC2-9B40-B0444D5C74EA}.Debug|Any CPU.ActiveCfg = Debug|Any CPU
		{6FEF2439-387D-4AC2-9B40-B0444D5C74EA}.Debug|Any CPU.Build.0 = Debug|Any CPU
		{6FEF2439-387D-4AC2-9B40-B0444D5C74EA}.Release|Any CPU.ActiveCfg = Release|Any CPU
		{6FEF2439-387D-4AC2-9B40-B0444D5C74EA}.Release|Any CPU.Build.0 = Release|Any CPU
	EndGlobalSection
	GlobalSection(SolutionProperties) = preSolution
		HideSolutionNode = FALSE
	EndGlobalSection
	GlobalSection(ExtensibilityGlobals) = postSolution
		SolutionGuid = {E14A4C69-CB65-4C19-9084-BD1DF28B2384}
	EndGlobalSection
EndGlobal
