
Microsoft Visual Studio Solution File, Format Version 12.00
# Visual Studio 15
VisualStudioVersion = 15.0.28010.2019
MinimumVisualStudioVersion = 10.0.40219.1
Project("{FAE04EC0-301F-11D3-BF4B-00C04F79EFBC}") = "Mic.Volo.ToDoMy", "Mic.Volo.ToDoMy\Mic.Volo.ToDoMy.csproj", "{A27BB7CE-E7D1-4F1F-9409-3E9D90EBA134}"
EndProject
Global
	GlobalSection(SolutionConfigurationPlatforms) = preSolution
		Debug|Any CPU = Debug|Any CPU
		Release|Any CPU = Release|Any CPU
	EndGlobalSection
	GlobalSection(ProjectConfigurationPlatforms) = postSolution
		{A27BB7CE-E7D1-4F1F-9409-3E9D90EBA134}.Debug|Any CPU.ActiveCfg = Debug|Any CPU
		{A27BB7CE-E7D1-4F1F-9409-3E9D90EBA134}.Debug|Any CPU.Build.0 = Debug|Any CPU
		{A27BB7CE-E7D1-4F1F-9409-3E9D90EBA134}.Release|Any CPU.ActiveCfg = Release|Any CPU
		{A27BB7CE-E7D1-4F1F-9409-3E9D90EBA134}.Release|Any CPU.Build.0 = Release|Any CPU
	EndGlobalSection
	GlobalSection(SolutionProperties) = preSolution
		HideSolutionNode = FALSE
	EndGlobalSection
	GlobalSection(ExtensibilityGlobals) = postSolution
		SolutionGuid = {D2C556A5-B047-4154-9F53-32FC182E9AB2}
	EndGlobalSection
EndGlobal
